
Microsoft Visual Studio Solution File, Format Version 12.00
# Visual Studio Version 17
VisualStudioVersion = 17.2.32630.192
MinimumVisualStudioVersion = 10.0.40219.1
Project("{FAE04EC0-301F-11D3-BF4B-00C04F79EFBC}") = "BrékAowt", "BrékAowt.csproj", "{28A41383-70D7-474C-B549-5295D872849E}"
EndProject
Global
	GlobalSection(SolutionConfigurationPlatforms) = preSolution
		Debug|Any CPU = Debug|Any CPU
		Release|Any CPU = Release|Any CPU
	EndGlobalSection
	GlobalSection(ProjectConfigurationPlatforms) = postSolution
		{28A41383-70D7-474C-B549-5295D872849E}.Debug|Any CPU.ActiveCfg = Debug|Any CPU
		{28A41383-70D7-474C-B549-5295D872849E}.Debug|Any CPU.Build.0 = Debug|Any CPU
		{28A41383-70D7-474C-B549-5295D872849E}.Release|Any CPU.ActiveCfg = Release|Any CPU
		{28A41383-70D7-474C-B549-5295D872849E}.Release|Any CPU.Build.0 = Release|Any CPU
	EndGlobalSection
	GlobalSection(SolutionProperties) = preSolution
		HideSolutionNode = FALSE
	EndGlobalSection
	GlobalSection(ExtensibilityGlobals) = postSolution
		SolutionGuid = {F5D30B53-20C5-4286-97DE-298CDBBB45C9}
	EndGlobalSection
EndGlobal
